
Microsoft Visual Studio Solution File, Format Version 12.00
# Visual Studio 14
VisualStudioVersion = 14.0.24720.0
MinimumVisualStudioVersion = 10.0.40219.1
Project("{FAE04EC0-301F-11D3-BF4B-00C04F79EFBC}") = "WebSpy", "WebSpy\WebSpy.csproj", "{57250658-00C2-45BA-878E-B642BB8A01CE}"
EndProject
Project("{FAE04EC0-301F-11D3-BF4B-00C04F79EFBC}") = "WebSpyGui", "WebSpyGui\WebSpyGui.csproj", "{5956CFA5-3886-491A-8D94-1C48EEE31CD6}"
EndProject
Project("{FAE04EC0-301F-11D3-BF4B-00C04F79EFBC}") = "WebSpyTests", "WebSpyTests\WebSpyTests.csproj", "{F3B353CB-E8AC-46D4-9FA6-BF9137081C3F}"
EndProject
Project("{FAE04EC0-301F-11D3-BF4B-00C04F79EFBC}") = "Console", "Console\Console.csproj", "{BB3C0CB5-7949-48E3-9F40-DDCB8BDEE726}"
EndProject
Global
	GlobalSection(SolutionConfigurationPlatforms) = preSolution
		Debug|Any CPU = Debug|Any CPU
		Release|Any CPU = Release|Any CPU
	EndGlobalSection
	GlobalSection(ProjectConfigurationPlatforms) = postSolution
		{57250658-00C2-45BA-878E-B642BB8A01CE}.Debug|Any CPU.ActiveCfg = Debug|Any CPU
		{57250658-00C2-45BA-878E-B642BB8A01CE}.Debug|Any CPU.Build.0 = Debug|Any CPU
		{57250658-00C2-45BA-878E-B642BB8A01CE}.Release|Any CPU.ActiveCfg = Release|Any CPU
		{57250658-00C2-45BA-878E-B642BB8A01CE}.Release|Any CPU.Build.0 = Release|Any CPU
		{5956CFA5-3886-491A-8D94-1C48EEE31CD6}.Debug|Any CPU.ActiveCfg = Debug|Any CPU
		{5956CFA5-3886-491A-8D94-1C48EEE31CD6}.Debug|Any CPU.Build.0 = Debug|Any CPU
		{5956CFA5-3886-491A-8D94-1C48EEE31CD6}.Release|Any CPU.ActiveCfg = Release|Any CPU
		{5956CFA5-3886-491A-8D94-1C48EEE31CD6}.Release|Any CPU.Build.0 = Release|Any CPU
		{F3B353CB-E8AC-46D4-9FA6-BF9137081C3F}.Debug|Any CPU.ActiveCfg = Debug|Any CPU
		{F3B353CB-E8AC-46D4-9FA6-BF9137081C3F}.Debug|Any CPU.Build.0 = Debug|Any CPU
		{F3B353CB-E8AC-46D4-9FA6-BF9137081C3F}.Release|Any CPU.ActiveCfg = Release|Any CPU
		{F3B353CB-E8AC-46D4-9FA6-BF9137081C3F}.Release|Any CPU.Build.0 = Release|Any CPU
		{BB3C0CB5-7949-48E3-9F40-DDCB8BDEE726}.Debug|Any CPU.ActiveCfg = Debug|Any CPU
		{BB3C0CB5-7949-48E3-9F40-DDCB8BDEE726}.Debug|Any CPU.Build.0 = Debug|Any CPU
		{BB3C0CB5-7949-48E3-9F40-DDCB8BDEE726}.Release|Any CPU.ActiveCfg = Release|Any CPU
		{BB3C0CB5-7949-48E3-9F40-DDCB8BDEE726}.Release|Any CPU.Build.0 = Release|Any CPU
	EndGlobalSection
	GlobalSection(SolutionProperties) = preSolution
		HideSolutionNode = FALSE
	EndGlobalSection
EndGlobal
